Microsoft Visual Studio Solution File, Format Version 12.00
Project("{9A19103F-16F7-4668-BE54-9A1E7A4F7556}") = "installer", "installer\installer.csproj", "{3F841ADA-638A-4D0D-8668-65E57A6D7015}"
EndProject
Project("{9A19103F-16F7-4668-BE54-9A1E7A4F7556}") = "native", "native\native.csproj", "{82C46F82-FFAE-4BB6-BC62-E8383B25896D}"
EndProject
Global
	GlobalSection(SolutionConfigurationPlatforms) = preSolution
		Debug|Any CPU = Debug|Any CPU
		Release|Any CPU = Release|Any CPU
	EndGlobalSection
	GlobalSection(ProjectConfigurationPlatforms) = postSolution
		{3F841ADA-638A-4D0D-8668-65E57A6D7015}.Debug|Any CPU.ActiveCfg = Debug|Any CPU
		{3F841ADA-638A-4D0D-8668-65E57A6D7015}.Debug|Any CPU.Build.0 = Debug|Any CPU
		{3F841ADA-638A-4D0D-8668-65E57A6D7015}.Release|Any CPU.ActiveCfg = Release|Any CPU
		{3F841ADA-638A-4D0D-8668-65E57A6D7015}.Release|Any CPU.Build.0 = Release|Any CPU
		{82C46F82-FFAE-4BB6-BC62-E8383B25896D}.Debug|Any CPU.ActiveCfg = Debug|Any CPU
		{82C46F82-FFAE-4BB6-BC62-E8383B25896D}.Debug|Any CPU.Build.0 = Debug|Any CPU
		{82C46F82-FFAE-4BB6-BC62-E8383B25896D}.Release|Any CPU.ActiveCfg = Release|Any CPU
		{82C46F82-FFAE-4BB6-BC62-E8383B25896D}.Release|Any CPU.Build.0 = Release|Any CPU
	EndGlobalSection
	GlobalSection(SolutionProperties) = preSolution
		HideSolutionNode = FALSE
	EndGlobalSection
	GlobalSection(ExtensibilityGlobals) = postSolution
		SolutionGuid = {57EE62FD-656A-4309-B40E-BB80C1F7727A}
	EndGlobalSection
EndGlobal
